
Microsoft Visual Studio Solution File, Format Version 12.00
# Visual Studio Version 17
VisualStudioVersion = 17.14.36511.14
MinimumVisualStudioVersion = 10.0.40219.1
Project("{FAE04EC0-301F-11D3-BF4B-00C04F79EFBC}") = "EtherTCGVidaTurnos", "EtherTCGVidaTurnos\EtherTCGVidaTurnos.csproj", "{5681D8DA-9C72-4455-B201-3B69D202EFBD}"
EndProject
Global
	GlobalSection(SolutionConfigurationPlatforms) = preSolution
		Debug|Any CPU = Debug|Any CPU
		Debug|ARM64 = Debug|ARM64
		Release|Any CPU = Release|Any CPU
		Release|ARM64 = Release|ARM64
	EndGlobalSection
	GlobalSection(ProjectConfigurationPlatforms) = postSolution
		{5681D8DA-9C72-4455-B201-3B69D202EFBD}.Debug|Any CPU.ActiveCfg = Debug|Any CPU
		{5681D8DA-9C72-4455-B201-3B69D202EFBD}.Debug|Any CPU.Build.0 = Debug|Any CPU
		{5681D8DA-9C72-4455-B201-3B69D202EFBD}.Debug|Any CPU.Deploy.0 = Debug|Any CPU
		{5681D8DA-9C72-4455-B201-3B69D202EFBD}.Debug|ARM64.ActiveCfg = Debug|ARM64
		{5681D8DA-9C72-4455-B201-3B69D202EFBD}.Debug|ARM64.Build.0 = Debug|ARM64
		{5681D8DA-9C72-4455-B201-3B69D202EFBD}.Debug|ARM64.Deploy.0 = Debug|ARM64
		{5681D8DA-9C72-4455-B201-3B69D202EFBD}.Release|Any CPU.ActiveCfg = Release|Any CPU
		{5681D8DA-9C72-4455-B201-3B69D202EFBD}.Release|Any CPU.Build.0 = Release|Any CPU
		{5681D8DA-9C72-4455-B201-3B69D202EFBD}.Release|Any CPU.Deploy.0 = Release|Any CPU
		{5681D8DA-9C72-4455-B201-3B69D202EFBD}.Release|ARM64.ActiveCfg = Release|ARM64
		{5681D8DA-9C72-4455-B201-3B69D202EFBD}.Release|ARM64.Build.0 = Release|ARM64
		{5681D8DA-9C72-4455-B201-3B69D202EFBD}.Release|ARM64.Deploy.0 = Release|ARM64
	EndGlobalSection
	GlobalSection(SolutionProperties) = preSolution
		HideSolutionNode = FALSE
	EndGlobalSection
	GlobalSection(ExtensibilityGlobals) = postSolution
		SolutionGuid = {ED756FD5-ED7B-4801-B4C1-4555CB86EA5B}
	EndGlobalSection
EndGlobal
